<!DOCTYPE plist PUBLIC "-//Apple//DTD PLIST 1.0//EN" "http://www.apple.com/DTDs/PropertyList-1.0.dtd">
<plist d1p1:version="" xmlns:d1p1="1.0">
  <dict>
    <key>archiveVersion</key>
    <string>1</string>
    <key>classes</key>
    <dict />
    <key>objectVersion</key>
    <string>46</string>
    <key>objects</key>
    <dict>
      <key>3c1fead7bba24a5c88f3c7a1</key>
      <dict>
        <key>isa</key>
        <string>PBXFileReference</string>
        <key>explicitFileType</key>
        <string>archive.ar</string>
        <key>includeInIndex</key>
        <string>0</string>
        <key>path</key>
        <string>libCommonLibrary.iOS.a</string>
        <key>sourceTree</key>
        <string>BUILT_PRODUCTS_DIR</string>
      </dict>
      <key>fedc366c98a9492f9fb5d5f9</key>
      <dict>
        <key>isa</key>
        <string>PBXFileReference</string>
        <key>path</key>
        <string>/Users/bobbynielsen/vcremote/C/Users/Bobby/Documents/Visual Studio 2015/Projects/HelloWorldVCpp/CommonLibrary/CommonLibrary.iOS/CommonLibrary.iOS.cpp</string>
        <key>sourceTree</key>
        <string>&lt;absolute&gt;</string>
      </dict>
      <key>149841cfdaac4669a574c1dc</key>
      <dict>
        <key>isa</key>
        <string>PBXBuildFile</string>
        <key>fileRef</key>
        <string>fedc366c98a9492f9fb5d5f9</string>
        <key>settings</key>
        <dict>
          <key>COMPILER_FLAGS</key>
          <string>-c -g2 -gdwarf-2 -Wall -Wswitch -W"no-deprecated-declarations" -W"empty-body" -W"bool-conversion" -W"constant-conversion" -W"shorten-64-to-32" -W"enum-conversion" -W"int-conversion" -W"return-type" -Wparentheses -W"no-pointer-sign" -W"no-format" -Wuninitialized -W"unreachable-code" -W"unused-function" -W"unused-value" -W"unused-variable" -O0 -fno-strict-aliasing -mthumb -fwritable-strings -fno-threadsafe-statics -fno-exceptions -D __APPLE__ -D NDEBUG -D NDEBUG -x c++ -D PLATFORM=1 </string>
        </dict>
      </dict>
      <key>2a40cc6746084f55ab321ab0</key>
      <dict>
        <key>isa</key>
        <string>PBXGroup</string>
        <key>children</key>
        <array>
          <string>fedc366c98a9492f9fb5d5f9</string>
          <string>76dda220ad3d40a0962a0b0c</string>
        </array>
        <key>sourceTree</key>
        <string>&lt;group&gt;</string>
      </dict>
      <key>76dda220ad3d40a0962a0b0c</key>
      <dict>
        <key>isa</key>
        <string>PBXGroup</string>
        <key>children</key>
        <array>
          <string>3c1fead7bba24a5c88f3c7a1</string>
        </array>
        <key>name</key>
        <string>Products</string>
        <key>sourceTree</key>
        <string>&lt;group&gt;</string>
      </dict>
      <key>57d72801235c4d4a8e371e7b</key>
      <dict>
        <key>isa</key>
        <string>PBXSourcesBuildPhase</string>
        <key>buildActionMask</key>
        <string>2147483647</string>
        <key>files</key>
        <array>
          <string>149841cfdaac4669a574c1dc</string>
        </array>
        <key>runOnlyForDeploymentPostprocessing</key>
        <string>0</string>
      </dict>
      <key>bc8619ac0ebb42ffa2f9970f</key>
      <dict>
        <key>isa</key>
        <string>XCBuildConfiguration</string>
        <key>buildSettings</key>
        <dict />
        <key>name</key>
        <string>Debug</string>
      </dict>
      <key>e115f8d77c3e40d9add1b22d</key>
      <dict>
        <key>isa</key>
        <string>XCBuildConfiguration</string>
        <key>buildSettings</key>
        <dict>
          <key>CLANG_CXX_LIBRARY</key>
          <string>libc++</string>
          <key>IPHONEOS_DEPLOYMENT_TARGET</key>
          <string>8.1</string>
          <key>ONLY_ACTIVE_ARCH</key>
          <string>YES</string>
          <key>SDKROOT</key>
          <string>iphoneos</string>
          <key>PRODUCT_NAME</key>
          <string>$(TARGET_NAME)</string>
          <key>SKIP_INSTALL</key>
          <string>YES</string>
        </dict>
        <key>name</key>
        <string>Debug</string>
      </dict>
      <key>ddd9ef37bdb14c41b236b648</key>
      <dict>
        <key>isa</key>
        <string>XCConfigurationList</string>
        <key>buildConfigurations</key>
        <array>
          <string>bc8619ac0ebb42ffa2f9970f</string>
        </array>
        <key>defaultConfigurationName</key>
        <string>Debug</string>
      </dict>
      <key>50d93c1cb3834582b1ca3cbf</key>
      <dict>
        <key>isa</key>
        <string>XCConfigurationList</string>
        <key>buildConfigurations</key>
        <array>
          <string>e115f8d77c3e40d9add1b22d</string>
        </array>
      </dict>
      <key>15dbb9af14d046d0b520dc0e</key>
      <dict>
        <key>isa</key>
        <string>PBXNativeTarget</string>
        <key>buildConfigurationList</key>
        <string>50d93c1cb3834582b1ca3cbf</string>
        <key>buildPhases</key>
        <array>
          <string>57d72801235c4d4a8e371e7b</string>
        </array>
        <key>buildRules</key>
        <array />
        <key>dependencies</key>
        <array />
        <key>name</key>
        <string>CommonLibrary.iOS</string>
        <key>productName</key>
        <string>CommonLibrary.iOS</string>
        <key>productReference</key>
        <string>3c1fead7bba24a5c88f3c7a1</string>
        <key>productType</key>
        <string>com.apple.product-type.library.static</string>
      </dict>
      <key>186ba33ae74b4eafbbf23202</key>
      <dict>
        <key>isa</key>
        <string>PBXProject</string>
        <key>attributes</key>
        <dict>
          <key>LastUpgradeCheck</key>
          <string>0610</string>
          <key>ORGANIZATIONNAME</key>
          <string>MyOrganizationName</string>
          <key>TargetAttributes</key>
          <dict>
            <key>15dbb9af14d046d0b520dc0e</key>
            <dict>
              <key>CreatedOnToolsVersion</key>
              <string>6.1</string>
            </dict>
          </dict>
        </dict>
        <key>buildConfigurationList</key>
        <string>ddd9ef37bdb14c41b236b648</string>
        <key>compatibilityVersion</key>
        <string>Xcode 3.2</string>
        <key>developmentRegion</key>
        <string>English</string>
        <key>hasScannedForEncodings</key>
        <string>0</string>
        <key>knownRegions</key>
        <array>
          <string>en</string>
        </array>
        <key>mainGroup</key>
        <string>2a40cc6746084f55ab321ab0</string>
        <key>productRefGroup</key>
        <string>76dda220ad3d40a0962a0b0c</string>
        <key>projectDirPath</key>
        <string />
        <key>projectRoot</key>
        <string />
        <key>targets</key>
        <array>
          <string>15dbb9af14d046d0b520dc0e</string>
        </array>
      </dict>
    </dict>
    <key>rootObject</key>
    <string>186ba33ae74b4eafbbf23202</string>
  </dict>
</plist>