<!DOCTYPE plist PUBLIC "-//Apple//DTD PLIST 1.0//EN" "http://www.apple.com/DTDs/PropertyList-1.0.dtd">
<plist d1p1:version="" xmlns:d1p1="1.0">
  <dict>
    <key>archiveVersion</key>
    <string>1</string>
    <key>classes</key>
    <dict />
    <key>objectVersion</key>
    <string>46</string>
    <key>objects</key>
    <dict>
      <key>8bad89152dd344d1a7a6fac3</key>
      <dict>
        <key>isa</key>
        <string>PBXFileReference</string>
        <key>explicitFileType</key>
        <string>archive.ar</string>
        <key>includeInIndex</key>
        <string>0</string>
        <key>path</key>
        <string>libCommonLibrary.iOS.a</string>
        <key>sourceTree</key>
        <string>BUILT_PRODUCTS_DIR</string>
      </dict>
      <key>772bcab2000e486eb588fead</key>
      <dict>
        <key>isa</key>
        <string>PBXFileReference</string>
        <key>path</key>
        <string>/Users/bobbynielsen/vcremote/C/Users/Bobby/documents/visual studio 2015/Projects/HelloWorldVCpp/CommonLibrary/CommonLibrary.iOS/CommonLibrary.iOS.cpp</string>
        <key>sourceTree</key>
        <string>&lt;absolute&gt;</string>
      </dict>
      <key>7d1d33517e244808876057c4</key>
      <dict>
        <key>isa</key>
        <string>PBXBuildFile</string>
        <key>fileRef</key>
        <string>772bcab2000e486eb588fead</string>
        <key>settings</key>
        <dict>
          <key>COMPILER_FLAGS</key>
          <string>-c -g2 -gdwarf-2 -Wall -Wswitch -W"no-deprecated-declarations" -W"empty-body" -W"bool-conversion" -W"constant-conversion" -W"shorten-64-to-32" -W"enum-conversion" -W"int-conversion" -W"return-type" -Wparentheses -W"no-pointer-sign" -W"no-format" -Wuninitialized -W"unreachable-code" -W"unused-function" -W"unused-value" -W"unused-variable" -O0 -fno-strict-aliasing -fwritable-strings -fno-threadsafe-statics -fno-exceptions -D __APPLE__ -D NDEBUG -D NDEBUG -x c++ -D PLATFORM=1 </string>
        </dict>
      </dict>
      <key>aec75173adf447819558f7c2</key>
      <dict>
        <key>isa</key>
        <string>PBXGroup</string>
        <key>children</key>
        <array>
          <string>772bcab2000e486eb588fead</string>
          <string>ec3be204221e4252a4c3f306</string>
        </array>
        <key>sourceTree</key>
        <string>&lt;group&gt;</string>
      </dict>
      <key>ec3be204221e4252a4c3f306</key>
      <dict>
        <key>isa</key>
        <string>PBXGroup</string>
        <key>children</key>
        <array>
          <string>8bad89152dd344d1a7a6fac3</string>
        </array>
        <key>name</key>
        <string>Products</string>
        <key>sourceTree</key>
        <string>&lt;group&gt;</string>
      </dict>
      <key>a5d536fde7534126b21d8448</key>
      <dict>
        <key>isa</key>
        <string>PBXSourcesBuildPhase</string>
        <key>buildActionMask</key>
        <string>2147483647</string>
        <key>files</key>
        <array>
          <string>7d1d33517e244808876057c4</string>
        </array>
        <key>runOnlyForDeploymentPostprocessing</key>
        <string>0</string>
      </dict>
      <key>9bd02c5a6d83464b92bf9be0</key>
      <dict>
        <key>isa</key>
        <string>XCBuildConfiguration</string>
        <key>buildSettings</key>
        <dict />
        <key>name</key>
        <string>Debug</string>
      </dict>
      <key>9409dc67e8f14833b8b26a3a</key>
      <dict>
        <key>isa</key>
        <string>XCBuildConfiguration</string>
        <key>buildSettings</key>
        <dict>
          <key>CLANG_CXX_LIBRARY</key>
          <string>libc++</string>
          <key>IPHONEOS_DEPLOYMENT_TARGET</key>
          <string>8.1</string>
          <key>ONLY_ACTIVE_ARCH</key>
          <string>YES</string>
          <key>SDKROOT</key>
          <string>iphoneos</string>
          <key>PRODUCT_NAME</key>
          <string>$(TARGET_NAME)</string>
          <key>SKIP_INSTALL</key>
          <string>YES</string>
        </dict>
        <key>name</key>
        <string>Debug</string>
      </dict>
      <key>2fb0eacb0e8446e4b33b8e09</key>
      <dict>
        <key>isa</key>
        <string>XCConfigurationList</string>
        <key>buildConfigurations</key>
        <array>
          <string>9bd02c5a6d83464b92bf9be0</string>
        </array>
        <key>defaultConfigurationName</key>
        <string>Debug</string>
      </dict>
      <key>8d33d531a1114e8fb8a5528a</key>
      <dict>
        <key>isa</key>
        <string>XCConfigurationList</string>
        <key>buildConfigurations</key>
        <array>
          <string>9409dc67e8f14833b8b26a3a</string>
        </array>
      </dict>
      <key>f03528af42af4aca8830435f</key>
      <dict>
        <key>isa</key>
        <string>PBXNativeTarget</string>
        <key>buildConfigurationList</key>
        <string>8d33d531a1114e8fb8a5528a</string>
        <key>buildPhases</key>
        <array>
          <string>a5d536fde7534126b21d8448</string>
        </array>
        <key>buildRules</key>
        <array />
        <key>dependencies</key>
        <array />
        <key>name</key>
        <string>CommonLibrary.iOS</string>
        <key>productName</key>
        <string>CommonLibrary.iOS</string>
        <key>productReference</key>
        <string>8bad89152dd344d1a7a6fac3</string>
        <key>productType</key>
        <string>com.apple.product-type.library.static</string>
      </dict>
      <key>153eca7b26ca4a07a6d00a1a</key>
      <dict>
        <key>isa</key>
        <string>PBXProject</string>
        <key>attributes</key>
        <dict>
          <key>LastUpgradeCheck</key>
          <string>0610</string>
          <key>ORGANIZATIONNAME</key>
          <string>MyOrganizationName</string>
          <key>TargetAttributes</key>
          <dict>
            <key>f03528af42af4aca8830435f</key>
            <dict>
              <key>CreatedOnToolsVersion</key>
              <string>6.1</string>
            </dict>
          </dict>
        </dict>
        <key>buildConfigurationList</key>
        <string>2fb0eacb0e8446e4b33b8e09</string>
        <key>compatibilityVersion</key>
        <string>Xcode 3.2</string>
        <key>developmentRegion</key>
        <string>English</string>
        <key>hasScannedForEncodings</key>
        <string>0</string>
        <key>knownRegions</key>
        <array>
          <string>en</string>
        </array>
        <key>mainGroup</key>
        <string>aec75173adf447819558f7c2</string>
        <key>productRefGroup</key>
        <string>ec3be204221e4252a4c3f306</string>
        <key>projectDirPath</key>
        <string />
        <key>projectRoot</key>
        <string />
        <key>targets</key>
        <array>
          <string>f03528af42af4aca8830435f</string>
        </array>
      </dict>
    </dict>
    <key>rootObject</key>
    <string>153eca7b26ca4a07a6d00a1a</string>
  </dict>
</plist>